
Microsoft Visual Studio Solution File, Format Version 12.00
# Visual Studio 2012
Project("{FAE04EC0-301F-11D3-BF4B-00C04F79EFBC}") = "HugeMangaReader", "HugeMangaReader\HugeMangaReader.csproj", "{87B983EE-B8B8-4355-907B-39A3B25E52D1}"
EndProject
Global
	GlobalSection(SolutionConfigurationPlatforms) = preSolution
		Debug|Any CPU = Debug|Any CPU
		Release|Any CPU = Release|Any CPU
	EndGlobalSection
	GlobalSection(ProjectConfigurationPlatforms) = postSolution
		{87B983EE-B8B8-4355-907B-39A3B25E52D1}.Debug|Any CPU.ActiveCfg = Debug|Any CPU
		{87B983EE-B8B8-4355-907B-39A3B25E52D1}.Debug|Any CPU.Build.0 = Debug|Any CPU
		{87B983EE-B8B8-4355-907B-39A3B25E52D1}.Release|Any CPU.ActiveCfg = Release|Any CPU
		{87B983EE-B8B8-4355-907B-39A3B25E52D1}.Release|Any CPU.Build.0 = Release|Any CPU
	EndGlobalSection
	GlobalSection(SolutionProperties) = preSolution
		HideSolutionNode = FALSE
	EndGlobalSection
EndGlobal
